
Microsoft Visual Studio Solution File, Format Version 12.00
# Visual Studio Version 16
VisualStudioVersion = 16.0.31424.327
MinimumVisualStudioVersion = 10.0.40219.1
Project("{2150E333-8FDC-42A3-9474-1A3956D46DE8}") = "Hosts", "Hosts", "{D826F348-05C4-45F0-9386-05AA423877AD}"
EndProject
Project("{2150E333-8FDC-42A3-9474-1A3956D46DE8}") = "Application", "Application", "{DEF60E4D-F663-40F3-84A4-C347E358FFF0}"
EndProject
Project("{2150E333-8FDC-42A3-9474-1A3956D46DE8}") = "Infrastructure", "Infrastructure", "{203FB935-A144-4D1E-BFD2-B4B0A90CEDE0}"
EndProject
Project("{2150E333-8FDC-42A3-9474-1A3956D46DE8}") = "Domain", "Domain", "{060BC3FD-7300-4B5F-AE91-44E4E698A107}"
EndProject
Project("{2150E333-8FDC-42A3-9474-1A3956D46DE8}") = "Contracts", "Contracts", "{4A6A913A-A6A6-403C-908B-7EF74B9D094A}"
EndProject
Project("{9A19103F-16F7-4668-BE54-9A1E7A4F7556}") = "solarLab.AppServices", "src\Application\solarLab.AppServices\solarLab.AppServices.csproj", "{8BD73B9C-E4C1-4A7E-AC31-1A03ED2C9046}"
EndProject
Project("{9A19103F-16F7-4668-BE54-9A1E7A4F7556}") = "solarLab.Contracts", "src\Contracts\solarLab.Contracts\solarLab.Contracts.csproj", "{6E5A4F46-3445-4561-A09F-762B4572BD4B}"
EndProject
Project("{9A19103F-16F7-4668-BE54-9A1E7A4F7556}") = "solarLab.Domain", "src\Domain\solarLab.Domain\solarLab.Domain.csproj", "{709C9E01-D3C7-4AAB-AA40-3961FFA8FE9E}"
EndProject
Project("{9A19103F-16F7-4668-BE54-9A1E7A4F7556}") = "solarLab.DataAccess", "src\Infrastructure\solarLab.DataAccess\solarLab.DataAccess.csproj", "{2BC02467-75D0-4C30-AF42-BD09CB56FA3E}"
EndProject
Project("{9A19103F-16F7-4668-BE54-9A1E7A4F7556}") = "solarLab.Infrastructure", "src\Infrastructure\solarLab.Infrastructure\solarLab.Infrastructure.csproj", "{019684FD-4E29-4C40-A593-AECCFF27D782}"
EndProject
Project("{9A19103F-16F7-4668-BE54-9A1E7A4F7556}") = "solarLab.Mapper", "src\Infrastructure\solarLab.Mapper\solarLab.Mapper.csproj", "{66733390-BF05-495E-9544-7494DBC3E47C}"
EndProject
Project("{9A19103F-16F7-4668-BE54-9A1E7A4F7556}") = "solarLab.Api", "src\Hosts\solarLab.Api\solarLab.Api.csproj", "{8A6AA398-73D3-42F3-9B52-118C50109DFE}"
EndProject
Project("{9A19103F-16F7-4668-BE54-9A1E7A4F7556}") = "solarLab.Migrations", "src\Hosts\solarLab.Migrations\solarLab.Migrations.csproj", "{D75DB88F-B797-4212-9776-03FCD8C354CA}"
EndProject
Project("{2150E333-8FDC-42A3-9474-1A3956D46DE8}") = "src", "src", "{BA124467-227C-4338-AEB1-E47371906A0E}"
EndProject
Project("{2150E333-8FDC-42A3-9474-1A3956D46DE8}") = "Tests", "Tests", "{91911095-D24A-427F-B531-B31C8BE3B1BD}"
EndProject
Project("{FAE04EC0-301F-11D3-BF4B-00C04F79EFBC}") = "solarLab.Tests", "src\Tests\solarLab.Tests\solarLab.Tests.csproj", "{C25F9B89-6EB7-446E-9186-4B9F99679F4B}"
EndProject
Global
	GlobalSection(SolutionConfigurationPlatforms) = preSolution
		Debug|Any CPU = Debug|Any CPU
		Release|Any CPU = Release|Any CPU
	EndGlobalSection
	GlobalSection(ProjectConfigurationPlatforms) = postSolution
		{8BD73B9C-E4C1-4A7E-AC31-1A03ED2C9046}.Debug|Any CPU.ActiveCfg = Debug|Any CPU
		{8BD73B9C-E4C1-4A7E-AC31-1A03ED2C9046}.Debug|Any CPU.Build.0 = Debug|Any CPU
		{8BD73B9C-E4C1-4A7E-AC31-1A03ED2C9046}.Release|Any CPU.ActiveCfg = Release|Any CPU
		{8BD73B9C-E4C1-4A7E-AC31-1A03ED2C9046}.Release|Any CPU.Build.0 = Release|Any CPU
		{6E5A4F46-3445-4561-A09F-762B4572BD4B}.Debug|Any CPU.ActiveCfg = Debug|Any CPU
		{6E5A4F46-3445-4561-A09F-762B4572BD4B}.Debug|Any CPU.Build.0 = Debug|Any CPU
		{6E5A4F46-3445-4561-A09F-762B4572BD4B}.Release|Any CPU.ActiveCfg = Release|Any CPU
		{6E5A4F46-3445-4561-A09F-762B4572BD4B}.Release|Any CPU.Build.0 = Release|Any CPU
		{709C9E01-D3C7-4AAB-AA40-3961FFA8FE9E}.Debug|Any CPU.ActiveCfg = Debug|Any CPU
		{709C9E01-D3C7-4AAB-AA40-3961FFA8FE9E}.Debug|Any CPU.Build.0 = Debug|Any CPU
		{709C9E01-D3C7-4AAB-AA40-3961FFA8FE9E}.Release|Any CPU.ActiveCfg = Release|Any CPU
		{709C9E01-D3C7-4AAB-AA40-3961FFA8FE9E}.Release|Any CPU.Build.0 = Release|Any CPU
		{2BC02467-75D0-4C30-AF42-BD09CB56FA3E}.Debug|Any CPU.ActiveCfg = Debug|Any CPU
		{2BC02467-75D0-4C30-AF42-BD09CB56FA3E}.Debug|Any CPU.Build.0 = Debug|Any CPU
		{2BC02467-75D0-4C30-AF42-BD09CB56FA3E}.Release|Any CPU.ActiveCfg = Release|Any CPU
		{2BC02467-75D0-4C30-AF42-BD09CB56FA3E}.Release|Any CPU.Build.0 = Release|Any CPU
		{019684FD-4E29-4C40-A593-AECCFF27D782}.Debug|Any CPU.ActiveCfg = Debug|Any CPU
		{019684FD-4E29-4C40-A593-AECCFF27D782}.Debug|Any CPU.Build.0 = Debug|Any CPU
		{019684FD-4E29-4C40-A593-AECCFF27D782}.Release|Any CPU.ActiveCfg = Release|Any CPU
		{019684FD-4E29-4C40-A593-AECCFF27D782}.Release|Any CPU.Build.0 = Release|Any CPU
		{66733390-BF05-495E-9544-7494DBC3E47C}.Debug|Any CPU.ActiveCfg = Debug|Any CPU
		{66733390-BF05-495E-9544-7494DBC3E47C}.Debug|Any CPU.Build.0 = Debug|Any CPU
		{66733390-BF05-495E-9544-7494DBC3E47C}.Release|Any CPU.ActiveCfg = Release|Any CPU
		{66733390-BF05-495E-9544-7494DBC3E47C}.Release|Any CPU.Build.0 = Release|Any CPU
		{8A6AA398-73D3-42F3-9B52-118C50109DFE}.Debug|Any CPU.ActiveCfg = Debug|Any CPU
		{8A6AA398-73D3-42F3-9B52-118C50109DFE}.Debug|Any CPU.Build.0 = Debug|Any CPU
		{8A6AA398-73D3-42F3-9B52-118C50109DFE}.Release|Any CPU.ActiveCfg = Release|Any CPU
		{8A6AA398-73D3-42F3-9B52-118C50109DFE}.Release|Any CPU.Build.0 = Release|Any CPU
		{D75DB88F-B797-4212-9776-03FCD8C354CA}.Debug|Any CPU.ActiveCfg = Debug|Any CPU
		{D75DB88F-B797-4212-9776-03FCD8C354CA}.Debug|Any CPU.Build.0 = Debug|Any CPU
		{D75DB88F-B797-4212-9776-03FCD8C354CA}.Release|Any CPU.ActiveCfg = Release|Any CPU
		{D75DB88F-B797-4212-9776-03FCD8C354CA}.Release|Any CPU.Build.0 = Release|Any CPU
		{C25F9B89-6EB7-446E-9186-4B9F99679F4B}.Debug|Any CPU.ActiveCfg = Debug|Any CPU
		{C25F9B89-6EB7-446E-9186-4B9F99679F4B}.Debug|Any CPU.Build.0 = Debug|Any CPU
		{C25F9B89-6EB7-446E-9186-4B9F99679F4B}.Release|Any CPU.ActiveCfg = Release|Any CPU
		{C25F9B89-6EB7-446E-9186-4B9F99679F4B}.Release|Any CPU.Build.0 = Release|Any CPU
	EndGlobalSection
	GlobalSection(SolutionProperties) = preSolution
		HideSolutionNode = FALSE
	EndGlobalSection
	GlobalSection(NestedProjects) = preSolution
		{D826F348-05C4-45F0-9386-05AA423877AD} = {BA124467-227C-4338-AEB1-E47371906A0E}
		{DEF60E4D-F663-40F3-84A4-C347E358FFF0} = {BA124467-227C-4338-AEB1-E47371906A0E}
		{203FB935-A144-4D1E-BFD2-B4B0A90CEDE0} = {BA124467-227C-4338-AEB1-E47371906A0E}
		{060BC3FD-7300-4B5F-AE91-44E4E698A107} = {BA124467-227C-4338-AEB1-E47371906A0E}
		{4A6A913A-A6A6-403C-908B-7EF74B9D094A} = {BA124467-227C-4338-AEB1-E47371906A0E}
		{8BD73B9C-E4C1-4A7E-AC31-1A03ED2C9046} = {DEF60E4D-F663-40F3-84A4-C347E358FFF0}
		{6E5A4F46-3445-4561-A09F-762B4572BD4B} = {4A6A913A-A6A6-403C-908B-7EF74B9D094A}
		{709C9E01-D3C7-4AAB-AA40-3961FFA8FE9E} = {060BC3FD-7300-4B5F-AE91-44E4E698A107}
		{2BC02467-75D0-4C30-AF42-BD09CB56FA3E} = {203FB935-A144-4D1E-BFD2-B4B0A90CEDE0}
		{019684FD-4E29-4C40-A593-AECCFF27D782} = {203FB935-A144-4D1E-BFD2-B4B0A90CEDE0}
		{66733390-BF05-495E-9544-7494DBC3E47C} = {203FB935-A144-4D1E-BFD2-B4B0A90CEDE0}
		{8A6AA398-73D3-42F3-9B52-118C50109DFE} = {D826F348-05C4-45F0-9386-05AA423877AD}
		{D75DB88F-B797-4212-9776-03FCD8C354CA} = {D826F348-05C4-45F0-9386-05AA423877AD}
		{91911095-D24A-427F-B531-B31C8BE3B1BD} = {BA124467-227C-4338-AEB1-E47371906A0E}
		{C25F9B89-6EB7-446E-9186-4B9F99679F4B} = {91911095-D24A-427F-B531-B31C8BE3B1BD}
	EndGlobalSection
	GlobalSection(ExtensibilityGlobals) = postSolution
		SolutionGuid = {522A6C38-C849-4D20-A466-B71A087C5FC5}
	EndGlobalSection
EndGlobal
